// !$*UTF8*$!
{
	archiveVersion = 1;
	classes = {
	};
	objectVersion = 50;
	objects = {

/* Begin PBXBuildFile section */
		992385F2253C51E800CCBCAC /* DataModel.swift in Sources */ = {isa = PBXBuildFile; fileRef = 992385F1253C51E800CCBCAC /* DataModel.swift */; };
		9941ED6F252DDB90009D2412 /* AppDelegate.swift in Sources */ = {isa = PBXBuildFile; fileRef = 9941ED6E252DDB90009D2412 /* AppDelegate.swift */; };
		9941ED71252DDB90009D2412 /* SceneDelegate.swift in Sources */ = {isa = PBXBuildFile; fileRef = 9941ED70252DDB90009D2412 /* SceneDelegate.swift */; };
		9941ED73252DDB90009D2412 /* ViewController.swift in Sources */ = {isa = PBXBuildFile; fileRef = 9941ED72252DDB90009D2412 /* ViewController.swift */; };
		9941ED76252DDB90009D2412 /* Main.storyboard in Resources */ = {isa = PBXBuildFile; fileRef = 9941ED74252DDB90009D2412 /* Main.storyboard */; };
		9941ED78252DDB91009D2412 /* Assets.xcassets in Resources */ = {isa = PBXBuildFile; fileRef = 9941ED77252DDB91009D2412 /* Assets.xcassets */; };
		9941ED7B252DDB91009D2412 /* LaunchScreen.storyboard in Resources */ = {isa = PBXBuildFile; fileRef = 9941ED79252DDB91009D2412 /* LaunchScreen.storyboard */; };
		9949158A253EDDE200AF1EF9 /* recentTableView.swift in Sources */ = {isa = PBXBuildFile; fileRef = 99491589253EDDE200AF1EF9 /* recentTableView.swift */; };
		99D9D3332544D496003A00B5 /* Extensions.swift in Sources */ = {isa = PBXBuildFile; fileRef = 99D9D3322544D496003A00B5 /* Extensions.swift */; };
/* End PBXBuildFile section */

/* Begin PBXFileReference section */
		992385F1253C51E800CCBCAC /* DataModel.swift */ = {isa = PBXFileReference; lastKnownFileType = sourcecode.swift; path = DataModel.swift; sourceTree = "<group>"; };
		9941ED6B252DDB90009D2412 /* URL Shortener.app */ = {isa = PBXFileReference; explicitFileType = wrapper.application; includeInIndex = 0; path = "URL Shortener.app"; sourceTree = BUILT_PRODUCTS_DIR; };
		9941ED6E252DDB90009D2412 /* AppDelegate.swift */ = {isa = PBXFileReference; lastKnownFileType = sourcecode.swift; path = AppDelegate.swift; sourceTree = "<group>"; };
		9941ED70252DDB90009D2412 /* SceneDelegate.swift */ = {isa = PBXFileReference; lastKnownFileType = sourcecode.swift; path = SceneDelegate.swift; sourceTree = "<group>"; };
		9941ED72252DDB90009D2412 /* ViewController.swift */ = {isa = PBXFileReference; lastKnownFileType = sourcecode.swift; path = ViewController.swift; sourceTree = "<group>"; };
		9941ED75252DDB90009D2412 /* Base */ = {isa = PBXFileReference; lastKnownFileType = file.storyboard; name = Base; path = Base.lproj/Main.storyboard; sourceTree = "<group>"; };
		9941ED77252DDB91009D2412 /* Assets.xcassets */ = {isa = PBXFileReference; lastKnownFileType = folder.assetcatalog; path = Assets.xcassets; sourceTree = "<group>"; };
		9941ED7A252DDB91009D2412 /* Base */ = {isa = PBXFileReference; lastKnownFileType = file.storyboard; name = Base; path = Base.lproj/LaunchScreen.storyboard; sourceTree = "<group>"; };
		9941ED7C252DDB91009D2412 /* Info.plist */ = {isa = PBXFileReference; lastKnownFileType = text.plist.xml; path = Info.plist; sourceTree = "<group>"; };
		99491589253EDDE200AF1EF9 /* recentTableView.swift */ = {isa = PBXFileReference; lastKnownFileType = sourcecode.swift; path = recentTableView.swift; sourceTree = "<group>"; };
		99D9D3322544D496003A00B5 /* Extensions.swift */ = {isa = PBXFileReference; lastKnownFileType = sourcecode.swift; path = Extensions.swift; sourceTree = "<group>"; };
/* End PBXFileReference section */

/* Begin PBXFrameworksBuildPhase section */
		9941ED68252DDB90009D2412 /* Frameworks */ = {
			isa = PBXFrameworksBuildPhase;
			buildActionMask = 2147483647;
			files = (
			);
			runOnlyForDeploymentPostprocessing = 0;
		};
/* End PBXFrameworksBuildPhase section */

/* Begin PBXGroup section */
		9941ED62252DDB90009D2412 = {
			isa = PBXGroup;
			children = (
				9941ED6D252DDB90009D2412 /* URL Shortener */,
				9941ED6C252DDB90009D2412 /* Products */,
			);
			sourceTree = "<group>";
		};
		9941ED6C252DDB90009D2412 /* Products */ = {
			isa = PBXGroup;
			children = (
				9941ED6B252DDB90009D2412 /* URL Shortener.app */,
			);
			name = Products;
			sourceTree = "<group>";
		};
		9941ED6D252DDB90009D2412 /* URL Shortener */ = {
			isa = PBXGroup;
			children = (
				9941ED6E252DDB90009D2412 /* AppDelegate.swift */,
				9941ED70252DDB90009D2412 /* SceneDelegate.swift */,
				9941ED72252DDB90009D2412 /* ViewController.swift */,
				99D9D3322544D496003A00B5 /* Extensions.swift */,
				992385F1253C51E800CCBCAC /* DataModel.swift */,
				99491589253EDDE200AF1EF9 /* recentTableView.swift */,
				9941ED74252DDB90009D2412 /* Main.storyboard */,
				9941ED77252DDB91009D2412 /* Assets.xcassets */,
				9941ED79252DDB91009D2412 /* LaunchScreen.storyboard */,
				9941ED7C252DDB91009D2412 /* Info.plist */,
			);
			path = "URL Shortener";
			sourceTree = "<group>";
		};
/* End PBXGroup section */

/* Begin PBXNativeTarget section */
		9941ED6A252DDB90009D2412 /* URL Shortener */ = {
			isa = PBXNativeTarget;
			buildConfigurationList = 9941ED7F252DDB91009D2412 /* Build configuration list for PBXNativeTarget "URL Shortener" */;
			buildPhases = (
				9941ED67252DDB90009D2412 /* Sources */,
				9941ED68252DDB90009D2412 /* Frameworks */,
				9941ED69252DDB90009D2412 /* Resources */,
			);
			buildRules = (
			);
			dependencies = (
			);
			name = "URL Shortener";
			productName = "URL Shortener";
			productReference = 9941ED6B252DDB90009D2412 /* URL Shortener.app */;
			productType = "com.apple.product-type.application";
		};
/* End PBXNativeTarget section */

/* Begin PBXProject section */
		9941ED63252DDB90009D2412 /* Project object */ = {
			isa = PBXProject;
			attributes = {
				LastSwiftUpdateCheck = 1200;
				LastUpgradeCheck = 1200;
				TargetAttributes = {
					9941ED6A252DDB90009D2412 = {
						CreatedOnToolsVersion = 12.0.1;
					};
				};
			};
			buildConfigurationList = 9941ED66252DDB90009D2412 /* Build configuration list for PBXProject "URL Shortener" */;
			compatibilityVersion = "Xcode 9.3";
			developmentRegion = en;
			hasScannedForEncodings = 0;
			knownRegions = (
				en,
				Base,
			);
			mainGroup = 9941ED62252DDB90009D2412;
			productRefGroup = 9941ED6C252DDB90009D2412 /* Products */;
			projectDirPath = "";
			projectRoot = "";
			targets = (
				9941ED6A252DDB90009D2412 /* URL Shortener */,
			);
		};
/* End PBXProject section */

/* Begin PBXResourcesBuildPhase section */
		9941ED69252DDB90009D2412 /* Resources */ = {
			isa = PBXResourcesBuildPhase;
			buildActionMask = 2147483647;
			files = (
				9941ED7B252DDB91009D2412 /* LaunchScreen.storyboard in Resources */,
				9941ED78252DDB91009D2412 /* Assets.xcassets in Resources */,
				9941ED76252DDB90009D2412 /* Main.storyboard in Resources */,
			);
			runOnlyForDeploymentPostprocessing = 0;
		};
/* End PBXResourcesBuildPhase section */

/* Begin PBXSourcesBuildPhase section */
		9941ED67252DDB90009D2412 /* Sources */ = {
			isa = PBXSourcesBuildPhase;
			buildActionMask = 2147483647;
			files = (
				9941ED73252DDB90009D2412 /* ViewController.swift in Sources */,
				99D9D3332544D496003A00B5 /* Extensions.swift in Sources */,
				9949158A253EDDE200AF1EF9 /* recentTableView.swift in Sources */,
				992385F2253C51E800CCBCAC /* DataModel.swift in Sources */,
				9941ED6F252DDB90009D2412 /* AppDelegate.swift in Sources */,
				9941ED71252DDB90009D2412 /* SceneDelegate.swift in Sources */,
			);
			runOnlyForDeploymentPostprocessing = 0;
		};
/* End PBXSourcesBuildPhase section */

/* Begin PBXVariantGroup section */
		9941ED74252DDB90009D2412 /* Main.storyboard */ = {
			isa = PBXVariantGroup;
			children = (
				9941ED75252DDB90009D2412 /* Base */,
			);
			name = Main.storyboard;
			sourceTree = "<group>";
		};
		9941ED79252DDB91009D2412 /* LaunchScreen.storyboard */ = {
			isa = PBXVariantGroup;
			children = (
				9941ED7A252DDB91009D2412 /* Base */,
			);
			name = LaunchScreen.storyboard;
			sourceTree = "<group>";
		};
/* End PBXVariantGroup section */

/* Begin XCBuildConfiguration section */
		9941ED7D252DDB91009D2412 /* Debug */ = {
			isa = XCBuildConfiguration;
			buildSettings = {
				ALWAYS_SEARCH_USER_PATHS = NO;
				CLANG_ANALYZER_NONNULL = YES;
				CLANG_ANALYZER_NUMBER_OBJECT_CONVERSION = YES_AGGRESSIVE;
				CLANG_CXX_LANGUAGE_STANDARD = "gnu++14";
				CLANG_CXX_LIBRARY = "libc++";
				CLANG_ENABLE_MODULES = YES;
				CLANG_ENABLE_OBJC_ARC = YES;
				CLANG_ENABLE_OBJC_WEAK = YES;
				CLANG_WARN_BLOCK_CAPTURE_AUTORELEASING = YES;
				CLANG_WARN_BOOL_CONVERSION = YES;
				CLANG_WARN_COMMA = YES;
				CLANG_WARN_CONSTANT_CONVERSION = YES;
				CLANG_WARN_DEPRECATED_OBJC_IMPLEMENTATIONS = YES;
				CLANG_WARN_DIRECT_OBJC_ISA_USAGE = YES_ERROR;
				CLANG_WARN_DOCUMENTATION_COMMENTS = YES;
				CLANG_WARN_EMPTY_BODY = YES;
				CLANG_WARN_ENUM_CONVERSION = YES;
				CLANG_WARN_INFINITE_RECURSION = YES;
				CLANG_WARN_INT_CONVERSION = YES;
				CLANG_WARN_NON_LITERAL_NULL_CONVERSION = YES;
				CLANG_WARN_OBJC_IMPLICIT_RETAIN_SELF = YES;
				CLANG_WARN_OBJC_LITERAL_CONVERSION = YES;
				CLANG_WARN_OBJC_ROOT_CLASS = YES_ERROR;
				CLANG_WARN_QUOTED_INCLUDE_IN_FRAMEWORK_HEADER = YES;
				CLANG_WARN_RANGE_LOOP_ANALYSIS = YES;
				CLANG_WARN_STRICT_PROTOTYPES = YES;
				CLANG_WARN_SUSPICIOUS_MOVE = YES;
				CLANG_WARN_UNGUARDED_AVAILABILITY = YES_AGGRESSIVE;
				CLANG_WARN_UNREACHABLE_CODE = YES;
				CLANG_WARN__DUPLICATE_METHOD_MATCH = YES;
				COPY_PHASE_STRIP = NO;
				DEBUG_INFORMATION_FORMAT = dwarf;
				ENABLE_STRICT_OBJC_MSGSEND = YES;
				ENABLE_TESTABILITY = YES;
				GCC_C_LANGUAGE_STANDARD = gnu11;
				GCC_DYNAMIC_NO_PIC = NO;
				GCC_NO_COMMON_BLOCKS = YES;
				GCC_OPTIMIZATION_LEVEL = 0;
				GCC_PREPROCESSOR_DEFINITIONS = (
					"DEBUG=1",
					"$(inherited)",
				);
				GCC_WARN_64_TO_32_BIT_CONVERSION = YES;
				GCC_WARN_ABOUT_RETURN_TYPE = YES_ERROR;
				GCC_WARN_UNDECLARED_SELECTOR = YES;
				GCC_WARN_UNINITIALIZED_AUTOS = YES_AGGRESSIVE;
				GCC_WARN_UNUSED_FUNCTION = YES;
				GCC_WARN_UNUSED_VARIABLE = YES;
				IPHONEOS_DEPLOYMENT_TARGET = 14.0;
				MTL_ENABLE_DEBUG_INFO = INCLUDE_SOURCE;
				MTL_FAST_MATH = YES;
				ONLY_ACTIVE_ARCH = YES;
				SDKROOT = iphoneos;
				SWIFT_ACTIVE_COMPILATION_CONDITIONS = DEBUG;
				SWIFT_OPTIMIZATION_LEVEL = "-Onone";
			};
			name = Debug;
		};
		9941ED7E252DDB91009D2412 /* Release */ = {
			isa = XCBuildConfiguration;
			buildSettings = {
				ALWAYS_SEARCH_USER_PATHS = NO;
				CLANG_ANALYZER_NONNULL = YES;
				CLANG_ANALYZER_NUMBER_OBJECT_CONVERSION = YES_AGGRESSIVE;
				CLANG_CXX_LANGUAGE_STANDARD = "gnu++14";
				CLANG_CXX_LIBRARY = "libc++";
				CLANG_ENABLE_MODULES = YES;
				CLANG_ENABLE_OBJC_ARC = YES;
				CLANG_ENABLE_OBJC_WEAK = YES;
				CLANG_WARN_BLOCK_CAPTURE_AUTORELEASING = YES;
				CLANG_WARN_BOOL_CONVERSION = YES;
				CLANG_WARN_COMMA = YES;
				CLANG_WARN_CONSTANT_CONVERSION = YES;
				CLANG_WARN_DEPRECATED_OBJC_IMPLEMENTATIONS = YES;
				CLANG_WARN_DIRECT_OBJC_ISA_USAGE = YES_ERROR;
				CLANG_WARN_DOCUMENTATION_COMMENTS = YES;
				CLANG_WARN_EMPTY_BODY = YES;
				CLANG_WARN_ENUM_CONVERSION = YES;
				CLANG_WARN_INFINITE_RECURSION = YES;
				CLANG_WARN_INT_CONVERSION = YES;
				CLANG_WARN_NON_LITERAL_NULL_CONVERSION = YES;
				CLANG_WARN_OBJC_IMPLICIT_RETAIN_SELF = YES;
				CLANG_WARN_OBJC_LITERAL_CONVERSION = YES;
				CLANG_WARN_OBJC_ROOT_CLASS = YES_ERROR;
				CLANG_WARN_QUOTED_INCLUDE_IN_FRAMEWORK_HEADER = YES;
				CLANG_WARN_RANGE_LOOP_ANALYSIS = YES;
				CLANG_WARN_STRICT_PROTOTYPES = YES;
				CLANG_WARN_SUSPICIOUS_MOVE = YES;
				CLANG_WARN_UNGUARDED_AVAILABILITY = YES_AGGRESSIVE;
				CLANG_WARN_UNREACHABLE_CODE = YES;
				CLANG_WARN__DUPLICATE_METHOD_MATCH = YES;
				COPY_PHASE_STRIP = NO;
				DEBUG_INFORMATION_FORMAT = "dwarf-with-dsym";
				ENABLE_NS_ASSERTIONS = NO;
				ENABLE_STRICT_OBJC_MSGSEND = YES;
				GCC_C_LANGUAGE_STANDARD = gnu11;
				GCC_NO_COMMON_BLOCKS = YES;
				GCC_WARN_64_TO_32_BIT_CONVERSION = YES;
				GCC_WARN_ABOUT_RETURN_TYPE = YES_ERROR;
				GCC_WARN_UNDECLARED_SELECTOR = YES;
				GCC_WARN_UNINITIALIZED_AUTOS = YES_AGGRESSIVE;
				GCC_WARN_UNUSED_FUNCTION = YES;
				GCC_WARN_UNUSED_VARIABLE = YES;
				IPHONEOS_DEPLOYMENT_TARGET = 14.0;
				MTL_ENABLE_DEBUG_INFO = NO;
				MTL_FAST_MATH = YES;
				SDKROOT = iphoneos;
				SWIFT_COMPILATION_MODE = wholemodule;
				SWIFT_OPTIMIZATION_LEVEL = "-O";
				VALIDATE_PRODUCT = YES;
			};
			name = Release;
		};
		9941ED80252DDB91009D2412 /* Debug */ = {
			isa = XCBuildConfiguration;
			buildSettings = {
				ASSETCATALOG_COMPILER_APPICON_NAME = AppIcon;
				ASSETCATALOG_COMPILER_GLOBAL_ACCENT_COLOR_NAME = AccentColor;
				CODE_SIGN_STYLE = Automatic;
				DEVELOPMENT_TEAM = 48APBRKW5R;
				INFOPLIST_FILE = "URL Shortener/Info.plist";
				LD_RUNPATH_SEARCH_PATHS = (
					"$(inherited)",
					"@executable_path/Frameworks",
				);
				PRODUCT_BUNDLE_IDENTIFIER = "com.iivanu.URL-Shortener";
				PRODUCT_NAME = "$(TARGET_NAME)";
				SWIFT_VERSION = 5.0;
				TARGETED_DEVICE_FAMILY = "1,2";
			};
			name = Debug;
		};
		9941ED81252DDB91009D2412 /* Release */ = {
			isa = XCBuildConfiguration;
			buildSettings = {
				ASSETCATALOG_COMPILER_APPICON_NAME = AppIcon;
				ASSETCATALOG_COMPILER_GLOBAL_ACCENT_COLOR_NAME = AccentColor;
				CODE_SIGN_STYLE = Automatic;
				DEVELOPMENT_TEAM = 48APBRKW5R;
				INFOPLIST_FILE = "URL Shortener/Info.plist";
				LD_RUNPATH_SEARCH_PATHS = (
					"$(inherited)",
					"@executable_path/Frameworks",
				);
				PRODUCT_BUNDLE_IDENTIFIER = "com.iivanu.URL-Shortener";
				PRODUCT_NAME = "$(TARGET_NAME)";
				SWIFT_VERSION = 5.0;
				TARGETED_DEVICE_FAMILY = "1,2";
			};
			name = Release;
		};
/* End XCBuildConfiguration section */

/* Begin XCConfigurationList section */
		9941ED66252DDB90009D2412 /* Build configuration list for PBXProject "URL Shortener" */ = {
			isa = XCConfigurationList;
			buildConfigurations = (
				9941ED7D252DDB91009D2412 /* Debug */,
				9941ED7E252DDB91009D2412 /* Release */,
			);
			defaultConfigurationIsVisible = 0;
			defaultConfigurationName = Release;
		};
		9941ED7F252DDB91009D2412 /* Build configuration list for PBXNativeTarget "URL Shortener" */ = {
			isa = XCConfigurationList;
			buildConfigurations = (
				9941ED80252DDB91009D2412 /* Debug */,
				9941ED81252DDB91009D2412 /* Release */,
			);
			defaultConfigurationIsVisible = 0;
			defaultConfigurationName = Release;
		};
/* End XCConfigurationList section */
	};
	rootObject = 9941ED63252DDB90009D2412 /* Project object */;
}
